
Microsoft Visual Studio Solution File, Format Version 12.00
# Visual Studio Version 16
VisualStudioVersion = 16.0.29806.167
MinimumVisualStudioVersion = 10.0.40219.1
Project("{8BC9CEB8-8B4A-11D0-8D11-00A0C91BC942}") = "timetable", "timetable\timetable.vcxproj", "{B8BB221D-F54C-467D-8383-098F38E255B5}"
EndProject
Global
	GlobalSection(SolutionConfigurationPlatforms) = preSolution
		Debug|x64 = Debug|x64
		Debug|x86 = Debug|x86
		Release|x64 = Release|x64
		Release|x86 = Release|x86
	EndGlobalSection
	GlobalSection(ProjectConfigurationPlatforms) = postSolution
		{B8BB221D-F54C-467D-8383-098F38E255B5}.Debug|x64.ActiveCfg = Debug|x64
		{B8BB221D-F54C-467D-8383-098F38E255B5}.Debug|x64.Build.0 = Debug|x64
		{B8BB221D-F54C-467D-8383-098F38E255B5}.Debug|x86.ActiveCfg = Debug|Win32
		{B8BB221D-F54C-467D-8383-098F38E255B5}.Debug|x86.Build.0 = Debug|Win32
		{B8BB221D-F54C-467D-8383-098F38E255B5}.Release|x64.ActiveCfg = Release|x64
		{B8BB221D-F54C-467D-8383-098F38E255B5}.Release|x64.Build.0 = Release|x64
		{B8BB221D-F54C-467D-8383-098F38E255B5}.Release|x86.ActiveCfg = Release|Win32
		{B8BB221D-F54C-467D-8383-098F38E255B5}.Release|x86.Build.0 = Release|Win32
	EndGlobalSection
	GlobalSection(SolutionProperties) = preSolution
		HideSolutionNode = FALSE
	EndGlobalSection
	GlobalSection(ExtensibilityGlobals) = postSolution
		SolutionGuid = {C9024BCD-14AE-40B0-A569-5751F9556170}
	EndGlobalSection
EndGlobal
